
Microsoft Visual Studio Solution File, Format Version 12.00
# Visual Studio Version 16
VisualStudioVersion = 16.0.31105.61
MinimumVisualStudioVersion = 10.0.40219.1
Project("{FAE04EC0-301F-11D3-BF4B-00C04F79EFBC}") = "Diploma_library", "Diploma\Diploma_library.csproj", "{98F1C595-DB9B-461C-95F7-C9CD4693CDF8}"
EndProject
Global
	GlobalSection(SolutionConfigurationPlatforms) = preSolution
		Debug|Any CPU = Debug|Any CPU
		Release|Any CPU = Release|Any CPU
	EndGlobalSection
	GlobalSection(ProjectConfigurationPlatforms) = postSolution
		{98F1C595-DB9B-461C-95F7-C9CD4693CDF8}.Debug|Any CPU.ActiveCfg = Debug|Any CPU
		{98F1C595-DB9B-461C-95F7-C9CD4693CDF8}.Debug|Any CPU.Build.0 = Debug|Any CPU
		{98F1C595-DB9B-461C-95F7-C9CD4693CDF8}.Release|Any CPU.ActiveCfg = Release|Any CPU
		{98F1C595-DB9B-461C-95F7-C9CD4693CDF8}.Release|Any CPU.Build.0 = Release|Any CPU
	EndGlobalSection
	GlobalSection(SolutionProperties) = preSolution
		HideSolutionNode = FALSE
	EndGlobalSection
	GlobalSection(ExtensibilityGlobals) = postSolution
		SolutionGuid = {CCEA3681-0B59-4E56-90FF-29B498267C1C}
	EndGlobalSection
EndGlobal
